
Microsoft Visual Studio Solution File, Format Version 12.00
# Visual Studio Version 17
VisualStudioVersion = 17.0.31903.59
MinimumVisualStudioVersion = 10.0.40219.1
Project("{FAE04EC0-301F-11D3-BF4B-00C04F79EFBC}") = "OverPower.Domain", "DotNet\OverPower.Domain\OverPower.Domain.csproj", "{3E42D5FC-524C-4856-91AF-1358372691FA}"
EndProject
Project("{FAE04EC0-301F-11D3-BF4B-00C04F79EFBC}") = "OverPower.Application", "DotNet\OverPower.Application\OverPower.Application.csproj", "{B34E5672-1594-4D81-863A-7D438EFCA34B}"
EndProject
Project("{FAE04EC0-301F-11D3-BF4B-00C04F79EFBC}") = "OverPower.Domain.Tests", "DotNet\OverPower.Domain.Tests\OverPower.Domain.Tests.csproj", "{4EF028E1-912F-410A-81A1-9426F87EA3BF}"
EndProject
Project("{FAE04EC0-301F-11D3-BF4B-00C04F79EFBC}") = "OverPower.Application.Tests", "DotNet\OverPower.Application.Tests\OverPower.Application.Tests.csproj", "{DA1E410B-8526-4FA2-9CF3-8C428FE09B2E}"
EndProject
Project("{2150E333-8FDC-42A3-9474-1A3956D46DE8}") = "DotNet", "DotNet", "{71E6E750-85FD-B5BC-4321-E01377EC6231}"
EndProject
Project("{FAE04EC0-301F-11D3-BF4B-00C04F79EFBC}") = "OverPower.Infrastructure", "DotNet\OverPower.Infrastructure\OverPower.Infrastructure.csproj", "{4FF47B5E-857A-40D0-8B76-508CCE8F80B5}"
EndProject
Project("{FAE04EC0-301F-11D3-BF4B-00C04F79EFBC}") = "OverPower.Infrastructure.Tests", "DotNet\OverPower.Infrastructure.Tests\OverPower.Infrastructure.Tests.csproj", "{971EE0FB-F32E-4645-86C3-5A53BD8F6FBF}"
EndProject
Global
	GlobalSection(SolutionConfigurationPlatforms) = preSolution
		Debug|Any CPU = Debug|Any CPU
		Debug|x64 = Debug|x64
		Debug|x86 = Debug|x86
		Release|Any CPU = Release|Any CPU
		Release|x64 = Release|x64
		Release|x86 = Release|x86
	EndGlobalSection
	GlobalSection(ProjectConfigurationPlatforms) = postSolution
		{3E42D5FC-524C-4856-91AF-1358372691FA}.Debug|Any CPU.ActiveCfg = Debug|Any CPU
		{3E42D5FC-524C-4856-91AF-1358372691FA}.Debug|Any CPU.Build.0 = Debug|Any CPU
		{3E42D5FC-524C-4856-91AF-1358372691FA}.Debug|x64.ActiveCfg = Debug|Any CPU
		{3E42D5FC-524C-4856-91AF-1358372691FA}.Debug|x64.Build.0 = Debug|Any CPU
		{3E42D5FC-524C-4856-91AF-1358372691FA}.Debug|x86.ActiveCfg = Debug|Any CPU
		{3E42D5FC-524C-4856-91AF-1358372691FA}.Debug|x86.Build.0 = Debug|Any CPU
		{3E42D5FC-524C-4856-91AF-1358372691FA}.Release|Any CPU.ActiveCfg = Release|Any CPU
		{3E42D5FC-524C-4856-91AF-1358372691FA}.Release|Any CPU.Build.0 = Release|Any CPU
		{3E42D5FC-524C-4856-91AF-1358372691FA}.Release|x64.ActiveCfg = Release|Any CPU
		{3E42D5FC-524C-4856-91AF-1358372691FA}.Release|x64.Build.0 = Release|Any CPU
		{3E42D5FC-524C-4856-91AF-1358372691FA}.Release|x86.ActiveCfg = Release|Any CPU
		{3E42D5FC-524C-4856-91AF-1358372691FA}.Release|x86.Build.0 = Release|Any CPU
		{B34E5672-1594-4D81-863A-7D438EFCA34B}.Debug|Any CPU.ActiveCfg = Debug|Any CPU
		{B34E5672-1594-4D81-863A-7D438EFCA34B}.Debug|Any CPU.Build.0 = Debug|Any CPU
		{B34E5672-1594-4D81-863A-7D438EFCA34B}.Debug|x64.ActiveCfg = Debug|Any CPU
		{B34E5672-1594-4D81-863A-7D438EFCA34B}.Debug|x64.Build.0 = Debug|Any CPU
		{B34E5672-1594-4D81-863A-7D438EFCA34B}.Debug|x86.ActiveCfg = Debug|Any CPU
		{B34E5672-1594-4D81-863A-7D438EFCA34B}.Debug|x86.Build.0 = Debug|Any CPU
		{B34E5672-1594-4D81-863A-7D438EFCA34B}.Release|Any CPU.ActiveCfg = Release|Any CPU
		{B34E5672-1594-4D81-863A-7D438EFCA34B}.Release|Any CPU.Build.0 = Release|Any CPU
		{B34E5672-1594-4D81-863A-7D438EFCA34B}.Release|x64.ActiveCfg = Release|Any CPU
		{B34E5672-1594-4D81-863A-7D438EFCA34B}.Release|x64.Build.0 = Release|Any CPU
		{B34E5672-1594-4D81-863A-7D438EFCA34B}.Release|x86.ActiveCfg = Release|Any CPU
		{B34E5672-1594-4D81-863A-7D438EFCA34B}.Release|x86.Build.0 = Release|Any CPU
		{4EF028E1-912F-410A-81A1-9426F87EA3BF}.Debug|Any CPU.ActiveCfg = Debug|Any CPU
		{4EF028E1-912F-410A-81A1-9426F87EA3BF}.Debug|Any CPU.Build.0 = Debug|Any CPU
		{4EF028E1-912F-410A-81A1-9426F87EA3BF}.Debug|x64.ActiveCfg = Debug|Any CPU
		{4EF028E1-912F-410A-81A1-9426F87EA3BF}.Debug|x64.Build.0 = Debug|Any CPU
		{4EF028E1-912F-410A-81A1-9426F87EA3BF}.Debug|x86.ActiveCfg = Debug|Any CPU
		{4EF028E1-912F-410A-81A1-9426F87EA3BF}.Debug|x86.Build.0 = Debug|Any CPU
		{4EF028E1-912F-410A-81A1-9426F87EA3BF}.Release|Any CPU.ActiveCfg = Release|Any CPU
		{4EF028E1-912F-410A-81A1-9426F87EA3BF}.Release|Any CPU.Build.0 = Release|Any CPU
		{4EF028E1-912F-410A-81A1-9426F87EA3BF}.Release|x64.ActiveCfg = Release|Any CPU
		{4EF028E1-912F-410A-81A1-9426F87EA3BF}.Release|x64.Build.0 = Release|Any CPU
		{4EF028E1-912F-410A-81A1-9426F87EA3BF}.Release|x86.ActiveCfg = Release|Any CPU
		{4EF028E1-912F-410A-81A1-9426F87EA3BF}.Release|x86.Build.0 = Release|Any CPU
		{DA1E410B-8526-4FA2-9CF3-8C428FE09B2E}.Debug|Any CPU.ActiveCfg = Debug|Any CPU
		{DA1E410B-8526-4FA2-9CF3-8C428FE09B2E}.Debug|Any CPU.Build.0 = Debug|Any CPU
		{DA1E410B-8526-4FA2-9CF3-8C428FE09B2E}.Debug|x64.ActiveCfg = Debug|Any CPU
		{DA1E410B-8526-4FA2-9CF3-8C428FE09B2E}.Debug|x64.Build.0 = Debug|Any CPU
		{DA1E410B-8526-4FA2-9CF3-8C428FE09B2E}.Debug|x86.ActiveCfg = Debug|Any CPU
		{DA1E410B-8526-4FA2-9CF3-8C428FE09B2E}.Debug|x86.Build.0 = Debug|Any CPU
		{DA1E410B-8526-4FA2-9CF3-8C428FE09B2E}.Release|Any CPU.ActiveCfg = Release|Any CPU
		{DA1E410B-8526-4FA2-9CF3-8C428FE09B2E}.Release|Any CPU.Build.0 = Release|Any CPU
		{DA1E410B-8526-4FA2-9CF3-8C428FE09B2E}.Release|x64.ActiveCfg = Release|Any CPU
		{DA1E410B-8526-4FA2-9CF3-8C428FE09B2E}.Release|x64.Build.0 = Release|Any CPU
		{DA1E410B-8526-4FA2-9CF3-8C428FE09B2E}.Release|x86.ActiveCfg = Release|Any CPU
		{DA1E410B-8526-4FA2-9CF3-8C428FE09B2E}.Release|x86.Build.0 = Release|Any CPU
		{4FF47B5E-857A-40D0-8B76-508CCE8F80B5}.Debug|Any CPU.ActiveCfg = Debug|Any CPU
		{4FF47B5E-857A-40D0-8B76-508CCE8F80B5}.Debug|Any CPU.Build.0 = Debug|Any CPU
		{4FF47B5E-857A-40D0-8B76-508CCE8F80B5}.Debug|x64.ActiveCfg = Debug|Any CPU
		{4FF47B5E-857A-40D0-8B76-508CCE8F80B5}.Debug|x64.Build.0 = Debug|Any CPU
		{4FF47B5E-857A-40D0-8B76-508CCE8F80B5}.Debug|x86.ActiveCfg = Debug|Any CPU
		{4FF47B5E-857A-40D0-8B76-508CCE8F80B5}.Debug|x86.Build.0 = Debug|Any CPU
		{4FF47B5E-857A-40D0-8B76-508CCE8F80B5}.Release|Any CPU.ActiveCfg = Release|Any CPU
		{4FF47B5E-857A-40D0-8B76-508CCE8F80B5}.Release|Any CPU.Build.0 = Release|Any CPU
		{4FF47B5E-857A-40D0-8B76-508CCE8F80B5}.Release|x64.ActiveCfg = Release|Any CPU
		{4FF47B5E-857A-40D0-8B76-508CCE8F80B5}.Release|x64.Build.0 = Release|Any CPU
		{4FF47B5E-857A-40D0-8B76-508CCE8F80B5}.Release|x86.ActiveCfg = Release|Any CPU
		{4FF47B5E-857A-40D0-8B76-508CCE8F80B5}.Release|x86.Build.0 = Release|Any CPU
		{971EE0FB-F32E-4645-86C3-5A53BD8F6FBF}.Debug|Any CPU.ActiveCfg = Debug|Any CPU
		{971EE0FB-F32E-4645-86C3-5A53BD8F6FBF}.Debug|Any CPU.Build.0 = Debug|Any CPU
		{971EE0FB-F32E-4645-86C3-5A53BD8F6FBF}.Debug|x64.ActiveCfg = Debug|Any CPU
		{971EE0FB-F32E-4645-86C3-5A53BD8F6FBF}.Debug|x64.Build.0 = Debug|Any CPU
		{971EE0FB-F32E-4645-86C3-5A53BD8F6FBF}.Debug|x86.ActiveCfg = Debug|Any CPU
		{971EE0FB-F32E-4645-86C3-5A53BD8F6FBF}.Debug|x86.Build.0 = Debug|Any CPU
		{971EE0FB-F32E-4645-86C3-5A53BD8F6FBF}.Release|Any CPU.ActiveCfg = Release|Any CPU
		{971EE0FB-F32E-4645-86C3-5A53BD8F6FBF}.Release|Any CPU.Build.0 = Release|Any CPU
		{971EE0FB-F32E-4645-86C3-5A53BD8F6FBF}.Release|x64.ActiveCfg = Release|Any CPU
		{971EE0FB-F32E-4645-86C3-5A53BD8F6FBF}.Release|x64.Build.0 = Release|Any CPU
		{971EE0FB-F32E-4645-86C3-5A53BD8F6FBF}.Release|x86.ActiveCfg = Release|Any CPU
		{971EE0FB-F32E-4645-86C3-5A53BD8F6FBF}.Release|x86.Build.0 = Release|Any CPU
	EndGlobalSection
	GlobalSection(SolutionProperties) = preSolution
		HideSolutionNode = FALSE
	EndGlobalSection
	GlobalSection(NestedProjects) = preSolution
		{4FF47B5E-857A-40D0-8B76-508CCE8F80B5} = {71E6E750-85FD-B5BC-4321-E01377EC6231}
		{971EE0FB-F32E-4645-86C3-5A53BD8F6FBF} = {71E6E750-85FD-B5BC-4321-E01377EC6231}
	EndGlobalSection
EndGlobal
